
Microsoft Visual Studio Solution File, Format Version 12.00
# Visual Studio 15
VisualStudioVersion = 15.0.36617.4
MinimumVisualStudioVersion = 10.0.40219.1
Project("{8BC9CEB8-8B4A-11D0-8D11-00A0C91BC942}") = "QtQuickApplication1", "QtQuickApplication1\QtQuickApplication1.vcxproj", "{029FA055-B2D7-48B0-8D6C-AC17F01A1FC2}"
EndProject
Global
	GlobalSection(SolutionConfigurationPlatforms) = preSolution
		Debug|x64 = Debug|x64
		Release|x64 = Release|x64
	EndGlobalSection
	GlobalSection(ProjectConfigurationPlatforms) = postSolution
		{029FA055-B2D7-48B0-8D6C-AC17F01A1FC2}.Debug|x64.ActiveCfg = Debug|x64
		{029FA055-B2D7-48B0-8D6C-AC17F01A1FC2}.Debug|x64.Build.0 = Debug|x64
		{029FA055-B2D7-48B0-8D6C-AC17F01A1FC2}.Release|x64.ActiveCfg = Release|x64
		{029FA055-B2D7-48B0-8D6C-AC17F01A1FC2}.Release|x64.Build.0 = Release|x64
	EndGlobalSection
	GlobalSection(SolutionProperties) = preSolution
		HideSolutionNode = FALSE
	EndGlobalSection
	GlobalSection(ExtensibilityGlobals) = postSolution
		SolutionGuid = {2EA3132A-3EEB-4ADC-93C3-D4B34316296F}
	EndGlobalSection
EndGlobal
